// !$*UTF8*$!
{
	archiveVersion = 1;
	classes = {
	};
	objectVersion = 46;
	objects = {

/* Begin PBXBuildFile section */
		E0FDEB541ABBED2600008E98 /* main.m in Sources */ = {isa = PBXBuildFile; fileRef = E0FDEB531ABBED2600008E98 /* main.m */; };
		E0FDEB571ABBED2600008E98 /* AppDelegate.m in Sources */ = {isa = PBXBuildFile; fileRef = E0FDEB561ABBED2600008E98 /* AppDelegate.m */; };
		E0FDEB5A1ABBED2600008E98 /* ViewController.m in Sources */ = {isa = PBXBuildFile; fileRef = E0FDEB591ABBED2600008E98 /* ViewController.m */; };
		E0FDEB5D1ABBED2600008E98 /* Main.storyboard in Resources */ = {isa = PBXBuildFile; fileRef = E0FDEB5B1ABBED2600008E98 /* Main.storyboard */; };
		E0FDEB5F1ABBED2600008E98 /* Images.xcassets in Resources */ = {isa = PBXBuildFile; fileRef = E0FDEB5E1ABBED2600008E98 /* Images.xcassets */; };
		E0FDEB621ABBED2600008E98 /* LaunchScreen.xib in Resources */ = {isa = PBXBuildFile; fileRef = E0FDEB601ABBED2600008E98 /* LaunchScreen.xib */; };
		E0FDEB6E1ABBED2600008E98 /* iToastDemoTests.m in Sources */ = {isa = PBXBuildFile; fileRef = E0FDEB6D1ABBED2600008E98 /* iToastDemoTests.m */; };
		E0FDEB791ABBEDB500008E98 /* iToast.m in Sources */ = {isa = PBXBuildFile; fileRef = E0FDEB781ABBEDB500008E98 /* iToast.m */; };
/* End PBXBuildFile section */

/* Begin PBXContainerItemProxy section */
		E0FDEB681ABBED2600008E98 /* PBXContainerItemProxy */ = {
			isa = PBXContainerItemProxy;
			containerPortal = E0FDEB461ABBED2600008E98 /* Project object */;
			proxyType = 1;
			remoteGlobalIDString = E0FDEB4D1ABBED2600008E98;
			remoteInfo = iToastDemo;
		};
/* End PBXContainerItemProxy section */

/* Begin PBXFileReference section */
		E0FDEB4E1ABBED2600008E98 /* iToastDemo.app */ = {isa = PBXFileReference; explicitFileType = wrapper.application; includeInIndex = 0; path = iToastDemo.app; sourceTree = BUILT_PRODUCTS_DIR; };
		E0FDEB521ABBED2600008E98 /* Info.plist */ = {isa = PBXFileReference; lastKnownFileType = text.plist.xml; path = Info.plist; sourceTree = "<group>"; };
		E0FDEB531ABBED2600008E98 /* main.m */ = {isa = PBXFileReference; lastKnownFileType = sourcecode.c.objc; path = main.m; sourceTree = "<group>"; };
		E0FDEB551ABBED2600008E98 /* AppDelegate.h */ = {isa = PBXFileReference; lastKnownFileType = sourcecode.c.h; path = AppDelegate.h; sourceTree = "<group>"; };
		E0FDEB561ABBED2600008E98 /* AppDelegate.m */ = {isa = PBXFileReference; lastKnownFileType = sourcecode.c.objc; path = AppDelegate.m; sourceTree = "<group>"; };
		E0FDEB581ABBED2600008E98 /* ViewController.h */ = {isa = PBXFileReference; lastKnownFileType = sourcecode.c.h; path = ViewController.h; sourceTree = "<group>"; };
		E0FDEB591ABBED2600008E98 /* ViewController.m */ = {isa = PBXFileReference; lastKnownFileType = sourcecode.c.objc; path = ViewController.m; sourceTree = "<group>"; };
		E0FDEB5C1ABBED2600008E98 /* Base */ = {isa = PBXFileReference; lastKnownFileType = file.storyboard; name = Base; path = Base.lproj/Main.storyboard; sourceTree = "<group>"; };
		E0FDEB5E1ABBED2600008E98 /* Images.xcassets */ = {isa = PBXFileReference; lastKnownFileType = folder.assetcatalog; path = Images.xcassets; sourceTree = "<group>"; };
		E0FDEB611ABBED2600008E98 /* Base */ = {isa = PBXFileReference; lastKnownFileType = file.xib; name = Base; path = Base.lproj/LaunchScreen.xib; sourceTree = "<group>"; };
		E0FDEB671ABBED2600008E98 /* iToastDemoTests.xctest */ = {isa = PBXFileReference; explicitFileType = wrapper.cfbundle; includeInIndex = 0; path = iToastDemoTests.xctest; sourceTree = BUILT_PRODUCTS_DIR; };
		E0FDEB6C1ABBED2600008E98 /* Info.plist */ = {isa = PBXFileReference; lastKnownFileType = text.plist.xml; path = Info.plist; sourceTree = "<group>"; };
		E0FDEB6D1ABBED2600008E98 /* iToastDemoTests.m */ = {isa = PBXFileReference; lastKnownFileType = sourcecode.c.objc; path = iToastDemoTests.m; sourceTree = "<group>"; };
		E0FDEB771ABBEDB500008E98 /* iToast.h */ = {isa = PBXFileReference; fileEncoding = 4; lastKnownFileType = sourcecode.c.h; name = iToast.h; path = ../iToast.h; sourceTree = "<group>"; };
		E0FDEB781ABBEDB500008E98 /* iToast.m */ = {isa = PBXFileReference; fileEncoding = 4; lastKnownFileType = sourcecode.c.objc; name = iToast.m; path = ../iToast.m; sourceTree = "<group>"; };
/* End PBXFileReference section */

/* Begin PBXFrameworksBuildPhase section */
		E0FDEB4B1ABBED2600008E98 /* Frameworks */ = {
			isa = PBXFrameworksBuildPhase;
			buildActionMask = 2147483647;
			files = (
			);
			runOnlyForDeploymentPostprocessing = 0;
		};
		E0FDEB641ABBED2600008E98 /* Frameworks */ = {
			isa = PBXFrameworksBuildPhase;
			buildActionMask = 2147483647;
			files = (
			);
			runOnlyForDeploymentPostprocessing = 0;
		};
/* End PBXFrameworksBuildPhase section */

/* Begin PBXGroup section */
		E0FDEB451ABBED2600008E98 = {
			isa = PBXGroup;
			children = (
				E0FDEB771ABBEDB500008E98 /* iToast.h */,
				E0FDEB781ABBEDB500008E98 /* iToast.m */,
				E0FDEB501ABBED2600008E98 /* iToastDemo */,
				E0FDEB6A1ABBED2600008E98 /* iToastDemoTests */,
				E0FDEB4F1ABBED2600008E98 /* Products */,
			);
			sourceTree = "<group>";
		};
		E0FDEB4F1ABBED2600008E98 /* Products */ = {
			isa = PBXGroup;
			children = (
				E0FDEB4E1ABBED2600008E98 /* iToastDemo.app */,
				E0FDEB671ABBED2600008E98 /* iToastDemoTests.xctest */,
			);
			name = Products;
			sourceTree = "<group>";
		};
		E0FDEB501ABBED2600008E98 /* iToastDemo */ = {
			isa = PBXGroup;
			children = (
				E0FDEB551ABBED2600008E98 /* AppDelegate.h */,
				E0FDEB561ABBED2600008E98 /* AppDelegate.m */,
				E0FDEB581ABBED2600008E98 /* ViewController.h */,
				E0FDEB591ABBED2600008E98 /* ViewController.m */,
				E0FDEB5B1ABBED2600008E98 /* Main.storyboard */,
				E0FDEB5E1ABBED2600008E98 /* Images.xcassets */,
				E0FDEB601ABBED2600008E98 /* LaunchScreen.xib */,
				E0FDEB511ABBED2600008E98 /* Supporting Files */,
			);
			path = iToastDemo;
			sourceTree = "<group>";
		};
		E0FDEB511ABBED2600008E98 /* Supporting Files */ = {
			isa = PBXGroup;
			children = (
				E0FDEB521ABBED2600008E98 /* Info.plist */,
				E0FDEB531ABBED2600008E98 /* main.m */,
			);
			name = "Supporting Files";
			sourceTree = "<group>";
		};
		E0FDEB6A1ABBED2600008E98 /* iToastDemoTests */ = {
			isa = PBXGroup;
			children = (
				E0FDEB6D1ABBED2600008E98 /* iToastDemoTests.m */,
				E0FDEB6B1ABBED2600008E98 /* Supporting Files */,
			);
			path = iToastDemoTests;
			sourceTree = "<group>";
		};
		E0FDEB6B1ABBED2600008E98 /* Supporting Files */ = {
			isa = PBXGroup;
			children = (
				E0FDEB6C1ABBED2600008E98 /* Info.plist */,
			);
			name = "Supporting Files";
			sourceTree = "<group>";
		};
/* End PBXGroup section */

/* Begin PBXNativeTarget section */
		E0FDEB4D1ABBED2600008E98 /* iToastDemo */ = {
			isa = PBXNativeTarget;
			buildConfigurationList = E0FDEB711ABBED2600008E98 /* Build configuration list for PBXNativeTarget "iToastDemo" */;
			buildPhases = (
				E0FDEB4A1ABBED2600008E98 /* Sources */,
				E0FDEB4B1ABBED2600008E98 /* Frameworks */,
				E0FDEB4C1ABBED2600008E98 /* Resources */,
			);
			buildRules = (
			);
			dependencies = (
			);
			name = iToastDemo;
			productName = iToastDemo;
			productReference = E0FDEB4E1ABBED2600008E98 /* iToastDemo.app */;
			productType = "com.apple.product-type.application";
		};
		E0FDEB661ABBED2600008E98 /* iToastDemoTests */ = {
			isa = PBXNativeTarget;
			buildConfigurationList = E0FDEB741ABBED2600008E98 /* Build configuration list for PBXNativeTarget "iToastDemoTests" */;
			buildPhases = (
				E0FDEB631ABBED2600008E98 /* Sources */,
				E0FDEB641ABBED2600008E98 /* Frameworks */,
				E0FDEB651ABBED2600008E98 /* Resources */,
			);
			buildRules = (
			);
			dependencies = (
				E0FDEB691ABBED2600008E98 /* PBXTargetDependency */,
			);
			name = iToastDemoTests;
			productName = iToastDemoTests;
			productReference = E0FDEB671ABBED2600008E98 /* iToastDemoTests.xctest */;
			productType = "com.apple.product-type.bundle.unit-test";
		};
/* End PBXNativeTarget section */

/* Begin PBXProject section */
		E0FDEB461ABBED2600008E98 /* Project object */ = {
			isa = PBXProject;
			attributes = {
				LastUpgradeCheck = 0620;
				ORGANIZATIONNAME = Hlung;
				TargetAttributes = {
					E0FDEB4D1ABBED2600008E98 = {
						CreatedOnToolsVersion = 6.2;
					};
					E0FDEB661ABBED2600008E98 = {
						CreatedOnToolsVersion = 6.2;
						TestTargetID = E0FDEB4D1ABBED2600008E98;
					};
				};
			};
			buildConfigurationList = E0FDEB491ABBED2600008E98 /* Build configuration list for PBXProject "iToastDemo" */;
			compatibilityVersion = "Xcode 3.2";
			developmentRegion = English;
			hasScannedForEncodings = 0;
			knownRegions = (
				en,
				Base,
			);
			mainGroup = E0FDEB451ABBED2600008E98;
			productRefGroup = E0FDEB4F1ABBED2600008E98 /* Products */;
			projectDirPath = "";
			projectRoot = "";
			targets = (
				E0FDEB4D1ABBED2600008E98 /* iToastDemo */,
				E0FDEB661ABBED2600008E98 /* iToastDemoTests */,
			);
		};
/* End PBXProject section */

/* Begin PBXResourcesBuildPhase section */
		E0FDEB4C1ABBED2600008E98 /* Resources */ = {
			isa = PBXResourcesBuildPhase;
			buildActionMask = 2147483647;
			files = (
				E0FDEB5D1ABBED2600008E98 /* Main.storyboard in Resources */,
				E0FDEB621ABBED2600008E98 /* LaunchScreen.xib in Resources */,
				E0FDEB5F1ABBED2600008E98 /* Images.xcassets in Resources */,
			);
			runOnlyForDeploymentPostprocessing = 0;
		};
		E0FDEB651ABBED2600008E98 /* Resources */ = {
			isa = PBXResourcesBuildPhase;
			buildActionMask = 2147483647;
			files = (
			);
			runOnlyForDeploymentPostprocessing = 0;
		};
/* End PBXResourcesBuildPhase section */

/* Begin PBXSourcesBuildPhase section */
		E0FDEB4A1ABBED2600008E98 /* Sources */ = {
			isa = PBXSourcesBuildPhase;
			buildActionMask = 2147483647;
			files = (
				E0FDEB5A1ABBED2600008E98 /* ViewController.m in Sources */,
				E0FDEB571ABBED2600008E98 /* AppDelegate.m in Sources */,
				E0FDEB541ABBED2600008E98 /* main.m in Sources */,
				E0FDEB791ABBEDB500008E98 /* iToast.m in Sources */,
			);
			runOnlyForDeploymentPostprocessing = 0;
		};
		E0FDEB631ABBED2600008E98 /* Sources */ = {
			isa = PBXSourcesBuildPhase;
			buildActionMask = 2147483647;
			files = (
				E0FDEB6E1ABBED2600008E98 /* iToastDemoTests.m in Sources */,
			);
			runOnlyForDeploymentPostprocessing = 0;
		};
/* End PBXSourcesBuildPhase section */

/* Begin PBXTargetDependency section */
		E0FDEB691ABBED2600008E98 /* PBXTargetDependency */ = {
			isa = PBXTargetDependency;
			target = E0FDEB4D1ABBED2600008E98 /* iToastDemo */;
			targetProxy = E0FDEB681ABBED2600008E98 /* PBXContainerItemProxy */;
		};
/* End PBXTargetDependency section */

/* Begin PBXVariantGroup section */
		E0FDEB5B1ABBED2600008E98 /* Main.storyboard */ = {
			isa = PBXVariantGroup;
			children = (
				E0FDEB5C1ABBED2600008E98 /* Base */,
			);
			name = Main.storyboard;
			sourceTree = "<group>";
		};
		E0FDEB601ABBED2600008E98 /* LaunchScreen.xib */ = {
			isa = PBXVariantGroup;
			children = (
				E0FDEB611ABBED2600008E98 /* Base */,
			);
			name = LaunchScreen.xib;
			sourceTree = "<group>";
		};
/* End PBXVariantGroup section */

/* Begin XCBuildConfiguration section */
		E0FDEB6F1ABBED2600008E98 /* Debug */ = {
			isa = XCBuildConfiguration;
			buildSettings = {
				ALWAYS_SEARCH_USER_PATHS = NO;
				CLANG_CXX_LANGUAGE_STANDARD = "gnu++0x";
				CLANG_CXX_LIBRARY = "libc++";
				CLANG_ENABLE_MODULES = YES;
				CLANG_ENABLE_OBJC_ARC = YES;
				CLANG_WARN_BOOL_CONVERSION = YES;
				CLANG_WARN_CONSTANT_CONVERSION = YES;
				CLANG_WARN_DIRECT_OBJC_ISA_USAGE = YES_ERROR;
				CLANG_WARN_EMPTY_BODY = YES;
				CLANG_WARN_ENUM_CONVERSION = YES;
				CLANG_WARN_INT_CONVERSION = YES;
				CLANG_WARN_OBJC_ROOT_CLASS = YES_ERROR;
				CLANG_WARN_UNREACHABLE_CODE = YES;
				CLANG_WARN__DUPLICATE_METHOD_MATCH = YES;
				"CODE_SIGN_IDENTITY[sdk=iphoneos*]" = "iPhone Developer";
				COPY_PHASE_STRIP = NO;
				ENABLE_STRICT_OBJC_MSGSEND = YES;
				GCC_C_LANGUAGE_STANDARD = gnu99;
				GCC_DYNAMIC_NO_PIC = NO;
				GCC_OPTIMIZATION_LEVEL = 0;
				GCC_PREPROCESSOR_DEFINITIONS = (
					"DEBUG=1",
					"$(inherited)",
				);
				GCC_SYMBOLS_PRIVATE_EXTERN = NO;
				GCC_WARN_64_TO_32_BIT_CONVERSION = YES;
				GCC_WARN_ABOUT_RETURN_TYPE = YES_ERROR;
				GCC_WARN_UNDECLARED_SELECTOR = YES;
				GCC_WARN_UNINITIALIZED_AUTOS = YES_AGGRESSIVE;
				GCC_WARN_UNUSED_FUNCTION = YES;
				GCC_WARN_UNUSED_VARIABLE = YES;
				IPHONEOS_DEPLOYMENT_TARGET = 8.2;
				MTL_ENABLE_DEBUG_INFO = YES;
				ONLY_ACTIVE_ARCH = YES;
				SDKROOT = iphoneos;
				TARGETED_DEVICE_FAMILY = "1,2";
			};
			name = Debug;
		};
		E0FDEB701ABBED2600008E98 /* Release */ = {
			isa = XCBuildConfiguration;
			buildSettings = {
				ALWAYS_SEARCH_USER_PATHS = NO;
				CLANG_CXX_LANGUAGE_STANDARD = "gnu++0x";
				CLANG_CXX_LIBRARY = "libc++";
				CLANG_ENABLE_MODULES = YES;
				CLANG_ENABLE_OBJC_ARC = YES;
				CLANG_WARN_BOOL_CONVERSION = YES;
				CLANG_WARN_CONSTANT_CONVERSION = YES;
				CLANG_WARN_DIRECT_OBJC_ISA_USAGE = YES_ERROR;
				CLANG_WARN_EMPTY_BODY = YES;
				CLANG_WARN_ENUM_CONVERSION = YES;
				CLANG_WARN_INT_CONVERSION = YES;
				CLANG_WARN_OBJC_ROOT_CLASS = YES_ERROR;
				CLANG_WARN_UNREACHABLE_CODE = YES;
				CLANG_WARN__DUPLICATE_METHOD_MATCH = YES;
				"CODE_SIGN_IDENTITY[sdk=iphoneos*]" = "iPhone Developer";
				COPY_PHASE_STRIP = NO;
				ENABLE_NS_ASSERTIONS = NO;
				ENABLE_STRICT_OBJC_MSGSEND = YES;
				GCC_C_LANGUAGE_STANDARD = gnu99;
				GCC_WARN_64_TO_32_BIT_CONVERSION = YES;
				GCC_WARN_ABOUT_RETURN_TYPE = YES_ERROR;
				GCC_WARN_UNDECLARED_SELECTOR = YES;
				GCC_WARN_UNINITIALIZED_AUTOS = YES_AGGRESSIVE;
				GCC_WARN_UNUSED_FUNCTION = YES;
				GCC_WARN_UNUSED_VARIABLE = YES;
				IPHONEOS_DEPLOYMENT_TARGET = 8.2;
				MTL_ENABLE_DEBUG_INFO = NO;
				SDKROOT = iphoneos;
				TARGETED_DEVICE_FAMILY = "1,2";
				VALIDATE_PRODUCT = YES;
			};
			name = Release;
		};
		E0FDEB721ABBED2600008E98 /* Debug */ = {
			isa = XCBuildConfiguration;
			buildSettings = {
				ASSETCATALOG_COMPILER_APPICON_NAME = AppIcon;
				INFOPLIST_FILE = iToastDemo/Info.plist;
				LD_RUNPATH_SEARCH_PATHS = "$(inherited) @executable_path/Frameworks";
				PRODUCT_NAME = "$(TARGET_NAME)";
			};
			name = Debug;
		};
		E0FDEB731ABBED2600008E98 /* Release */ = {
			isa = XCBuildConfiguration;
			buildSettings = {
				ASSETCATALOG_COMPILER_APPICON_NAME = AppIcon;
				INFOPLIST_FILE = iToastDemo/Info.plist;
				LD_RUNPATH_SEARCH_PATHS = "$(inherited) @executable_path/Frameworks";
				PRODUCT_NAME = "$(TARGET_NAME)";
			};
			name = Release;
		};
		E0FDEB751ABBED2600008E98 /* Debug */ = {
			isa = XCBuildConfiguration;
			buildSettings = {
				BUNDLE_LOADER = "$(TEST_HOST)";
				FRAMEWORK_SEARCH_PATHS = (
					"$(SDKROOT)/Developer/Library/Frameworks",
					"$(inherited)",
				);
				GCC_PREPROCESSOR_DEFINITIONS = (
					"DEBUG=1",
					"$(inherited)",
				);
				INFOPLIST_FILE = iToastDemoTests/Info.plist;
				LD_RUNPATH_SEARCH_PATHS = "$(inherited) @executable_path/Frameworks @loader_path/Frameworks";
				PRODUCT_NAME = "$(TARGET_NAME)";
				TEST_HOST = "$(BUILT_PRODUCTS_DIR)/iToastDemo.app/iToastDemo";
			};
			name = Debug;
		};
		E0FDEB761ABBED2600008E98 /* Release */ = {
			isa = XCBuildConfiguration;
			buildSettings = {
				BUNDLE_LOADER = "$(TEST_HOST)";
				FRAMEWORK_SEARCH_PATHS = (
					"$(SDKROOT)/Developer/Library/Frameworks",
					"$(inherited)",
				);
				INFOPLIST_FILE = iToastDemoTests/Info.plist;
				LD_RUNPATH_SEARCH_PATHS = "$(inherited) @executable_path/Frameworks @loader_path/Frameworks";
				PRODUCT_NAME = "$(TARGET_NAME)";
				TEST_HOST = "$(BUILT_PRODUCTS_DIR)/iToastDemo.app/iToastDemo";
			};
			name = Release;
		};
/* End XCBuildConfiguration section */

/* Begin XCConfigurationList section */
		E0FDEB491ABBED2600008E98 /* Build configuration list for PBXProject "iToastDemo" */ = {
			isa = XCConfigurationList;
			buildConfigurations = (
				E0FDEB6F1ABBED2600008E98 /* Debug */,
				E0FDEB701ABBED2600008E98 /* Release */,
			);
			defaultConfigurationIsVisible = 0;
			defaultConfigurationName = Release;
		};
		E0FDEB711ABBED2600008E98 /* Build configuration list for PBXNativeTarget "iToastDemo" */ = {
			isa = XCConfigurationList;
			buildConfigurations = (
				E0FDEB721ABBED2600008E98 /* Debug */,
				E0FDEB731ABBED2600008E98 /* Release */,
			);
			defaultConfigurationIsVisible = 0;
		};
		E0FDEB741ABBED2600008E98 /* Build configuration list for PBXNativeTarget "iToastDemoTests" */ = {
			isa = XCConfigurationList;
			buildConfigurations = (
				E0FDEB751ABBED2600008E98 /* Debug */,
				E0FDEB761ABBED2600008E98 /* Release */,
			);
			defaultConfigurationIsVisible = 0;
		};
/* End XCConfigurationList section */
	};
	rootObject = E0FDEB461ABBED2600008E98 /* Project object */;
}
